# This file is autogenerated, do not edit; changes may be undone by the next 'dep ensure'.


[[projects]]
  digest = "1:ffe9824d294da03b391f44e1ae8281281b4afc1bdaa9588c9097785e3af10cec"
  name = "github.com/davecgh/go-spew"
  packages = ["spew"]
  pruneopts = "UT"
  revision = "8991bc29aa16c548c550c7ff78260e27b9ab7c73"
  version = "v1.1.1"

[[projects]]
  branch = "master"
  digest = "1:6d891a7eab2c0cb3d466ad175c9fab506c625af2e14b5719d46fba8b2526b05c"
  name = "github.com/ebfe/scard"
  packages = ["."]
  pruneopts = "UT"
  revision = "c3d1b1916a9547038c82830d7e99fa36b85a2682"

[[projects]]
  branch = "master"
  digest = "1:9f24a8c0b3ce576f1b5d3cbe891a59f081399199d5eb9455912ca8c320fdc045"
  name = "github.com/google/gousb"
  packages = ["."]
  pruneopts = "UT"
  revision = "844d4b8a718f46eb580a7a84afa00eb15c1b7a9a"

[[projects]]
  branch = "master"
  digest = "1:82945edd935e58b085182b1dfbffeee208500da1f29940b1061493b4e94a57b4"
  name = "github.com/gotk3/gotk3"
  packages = [
    "cairo",
    "gdk",
    "glib",
    "gtk",
    "pango",
  ]
  pruneopts = "UT"
  revision = "80205b7ba46b599a304c62e17b6d155bda664ccc"

[[projects]]
  digest = "1:2aedbd3f7dae4d1bda04de4d1a48b884e3162e8be35db92e1eff5d707d345075"
  name = "github.com/jessevdk/go-flags"
  packages = ["."]
  pruneopts = "UT"
  revision = "1878de27329cba29066dc088d84b3ce743885f82"
  version = "v1.5.0"

[[projects]]
  branch = "master"
  digest = "1:96e2e68cc63ed2010448ebbad799e16d25bcdc997a23dc7722bb5fb70d950be6"
  name = "github.com/jkeiser/iter"
  packages = ["."]
  pruneopts = "UT"
  revision = "c8aa0ae784d15ad3cb2a1f1579768e46f6e87fe5"

[[projects]]
  branch = "master"
  digest = "1:4b57f0f5cbfc1d9ea2bce2f32eff6137fe19d14182732e395dfca7f85494ce83"
  name = "github.com/jochenvg/go-udev"
  packages = ["."]
  pruneopts = "UT"
  revision = "d6b62d56d37b941d93a199f9cb6f0250636fd4ab"

[[projects]]
  digest = "1:17e2b99f622792fcc12942bfc0f9089d1532f6dfc40878b44ae145b458fbab30"
  name = "github.com/looplab/fsm"
  packages = ["."]
  pruneopts = "UT"
  revision = "84b5307469f859464403f80919467950a79de1b1"
  version = "v0.1.0"

[[projects]]
  digest = "1:0299da337d6671be3dddddd785f2af0247675f0331679cbbe929cc9e874335b4"
  name = "github.com/mattn/go-colorable"
  packages = ["."]
  pruneopts = "UT"
  revision = "11a925cff3d38c293ddc8c05a16b504e3e2c63be"
  version = "v0.1.13"

[[projects]]
  digest = "1:0a3de24cb5c1cb71a845a9a906684c31411b141dc34c6325ec71d11be35c0208"
  name = "github.com/mattn/go-isatty"
  packages = ["."]
  pruneopts = "UT"
  revision = "13e91bf4058fb93d5629deb7b2e3763ec8f4fdf8"
  version = "v0.0.16"

[[projects]]
  digest = "1:9e1d37b58d17113ec3cb5608ac0382313c5b59470b94ed97d0976e69c7022314"
  name = "github.com/pkg/errors"
  packages = ["."]
  pruneopts = "UT"
  revision = "614d223910a179a466c1767a985424175c39b465"
  version = "v0.9.1"

[[projects]]
  digest = "1:0028cb19b2e4c3112225cd871870f2d9cf49b9b4276531f03438a88e94be86fe"
  name = "github.com/pmezard/go-difflib"
  packages = ["difflib"]
  pruneopts = "UT"
  revision = "792786c7400a136282c1664665ae0a8db921c6c2"
  version = "v1.0.0"

[[projects]]
  digest = "1:85e9712268146f14f706d6c624c597758e382e67110a52c6906911303a83cef2"
  name = "github.com/rs/zerolog"
  packages = [
    ".",
    "internal/cbor",
    "internal/json",
    "log",
  ]
  pruneopts = "UT"
  revision = "e9344a8c507b5f25a4962ff022526be0ddab8e72"
  version = "v1.27.0"

[[projects]]
  digest = "1:727d7f937cef2eab51f67366afc51c77071369532467d96251722a3dfd8894c0"
  name = "github.com/stretchr/testify"
  packages = ["assert"]
  pruneopts = "UT"
  revision = "181cea6eab8b2de7071383eca4be32a424db38dd"
  version = "v1.8.0"

[[projects]]
  branch = "master"
  digest = "1:eb1238df8add852f8ea2808861aaf28f1fbb3c1e385617ef54c7283bc2ce436f"
  name = "golang.org/x/crypto"
  packages = ["pbkdf2"]
  pruneopts = "UT"
  revision = "5757bc0c5503e9832a646fcf49ea46445f253091"

[[projects]]
  branch = "master"
  digest = "1:a94f178a7324afa93a402b098aba116d718229e39f7679514929184cc002e584"
  name = "golang.org/x/sys"
  packages = [
    "internal/unsafeheader",
    "unix",
    "windows",
    "windows/registry",
  ]
  pruneopts = "UT"
  revision = "20c2bfdbfe249b02ea905477d7cff52673dadfa2"

[[projects]]
  digest = "1:0d58f1f9964495f627de70f2db37d14c39dca5ee41f49739ea7dffcbc84dd84d"
  name = "gopkg.in/yaml.v3"
  packages = ["."]
  pruneopts = "UT"
  revision = "f6f7691b1fdeb513f56608cd2c32c51f8194bf51"
  version = "v3.0.1"

[solve-meta]
  analyzer-name = "dep"
  analyzer-version = 1
  input-imports = [
    "github.com/ebfe/scard",
    "github.com/google/gousb",
    "github.com/gotk3/gotk3/gdk",
    "github.com/gotk3/gotk3/glib",
    "github.com/gotk3/gotk3/gtk",
    "github.com/jessevdk/go-flags",
    "github.com/jochenvg/go-udev",
    "github.com/looplab/fsm",
    "github.com/pkg/errors",
    "github.com/rs/zerolog",
    "github.com/rs/zerolog/log",
    "github.com/stretchr/testify/assert",
    "golang.org/x/crypto/pbkdf2",
    "golang.org/x/sys/windows",
    "golang.org/x/sys/windows/registry",
  ]
  solver-name = "gps-cdcl"
  solver-version = 1
