# This file is autogenerated, do not edit; changes may be undone by the next 'dep ensure'.


[[projects]]
  branch = "master"
  name = "github.com/ebfe/scard"
  packages = ["."]
  revision = "136eebbd7d749e6354ed1bb105b88f89c7d80b03"

[[projects]]
  branch = "master"
  name = "github.com/google/gousb"
  packages = ["."]
  revision = "92967a7d1098e3bc2a1cd0fcb652ca3c331a4419"

[[projects]]
  branch = "master"
  name = "github.com/gotk3/gotk3"
  packages = [
    "cairo",
    "gdk",
    "glib",
    "gtk",
    "pango"
  ]
  revision = "80205b7ba46b599a304c62e17b6d155bda664ccc"

[[projects]]
  name = "github.com/jessevdk/go-flags"
  packages = ["."]
  revision = "c6ca198ec95c841fdb89fc0de7496fed11ab854e"
  version = "v1.4.0"

[[projects]]
  branch = "master"
  name = "github.com/jkeiser/iter"
  packages = ["."]
  revision = "67b94d6149c6b2efe0fde15d36a50a7692c2da17"

[[projects]]
  branch = "master"
  name = "github.com/jochenvg/go-udev"
  packages = ["."]
  revision = "d6b62d56d37b941d93a199f9cb6f0250636fd4ab"

[[projects]]
  branch = "master"
  name = "golang.org/x/crypto"
  packages = ["pbkdf2"]
  revision = "a49355c7e3f8fe157a85be2f77e6e269a0f89602"

[[projects]]
  branch = "master"
  name = "golang.org/x/sys"
  packages = ["unix"]
  revision = "7138fd3d9dc8335c567ca206f4333fb75eb05d56"

[solve-meta]
  analyzer-name = "dep"
  analyzer-version = 1
  inputs-digest = "36855013d63d16a4a2c97ac6550df3e5b7301073336597b8c2f68452fdeb819e"
  solver-name = "gps-cdcl"
  solver-version = 1
