# This file is autogenerated, do not edit; changes may be undone by the next 'dep ensure'.


[[projects]]
  digest = "1:ffe9824d294da03b391f44e1ae8281281b4afc1bdaa9588c9097785e3af10cec"
  name = "github.com/davecgh/go-spew"
  packages = ["spew"]
  pruneopts = "UT"
  revision = "8991bc29aa16c548c550c7ff78260e27b9ab7c73"
  version = "v1.1.1"

[[projects]]
  branch = "master"
  digest = "1:e4016aefe64a6fccca80d9aad4f8275ee519894c4f79c6079d96d49b9c4173b8"
  name = "github.com/ebfe/scard"
  packages = ["."]
  pruneopts = "UT"
  revision = "136eebbd7d749e6354ed1bb105b88f89c7d80b03"

[[projects]]
  digest = "1:ff98bd3732a981a61d88dce04d0ab8e05e5ad46fe67cbc2e107fcb8250ba68f1"
  name = "github.com/google/go-github"
  packages = ["github"]
  pruneopts = "UT"
  revision = "1c3f0aaee1ce742b655f1ba8f33740103e904c5c"
  version = "v24.0.0"

[[projects]]
  digest = "1:a63cff6b5d8b95638bfe300385d93b2a6d9d687734b863da8e09dc834510a690"
  name = "github.com/google/go-querystring"
  packages = ["query"]
  pruneopts = "UT"
  revision = "44c6ddd0a2342c386950e880b658017258da92fc"
  version = "v1.0.0"

[[projects]]
  branch = "master"
  digest = "1:52c015ac30995214fac512676480e61149e2f8a457c8061b75b8a2a447daaee6"
  name = "github.com/google/gousb"
  packages = ["."]
  pruneopts = "UT"
  revision = "92967a7d1098e3bc2a1cd0fcb652ca3c331a4419"

[[projects]]
  branch = "master"
  digest = "1:82945edd935e58b085182b1dfbffeee208500da1f29940b1061493b4e94a57b4"
  name = "github.com/gotk3/gotk3"
  packages = [
    "cairo",
    "gdk",
    "glib",
    "gtk",
    "pango",
  ]
  pruneopts = "UT"
  revision = "80205b7ba46b599a304c62e17b6d155bda664ccc"

[[projects]]
  digest = "1:a2cff208d4759f6ba1b1cd228587b0a1869f95f22542ec9cd17fff64430113c7"
  name = "github.com/jessevdk/go-flags"
  packages = ["."]
  pruneopts = "UT"
  revision = "c6ca198ec95c841fdb89fc0de7496fed11ab854e"
  version = "v1.4.0"

[[projects]]
  branch = "master"
  digest = "1:312b66e73aa2bb084b7b7d6489fa386dd56b27d848ccb1288b7a0c5a3c9defdb"
  name = "github.com/jkeiser/iter"
  packages = ["."]
  pruneopts = "UT"
  revision = "67b94d6149c6b2efe0fde15d36a50a7692c2da17"

[[projects]]
  branch = "master"
  digest = "1:4b57f0f5cbfc1d9ea2bce2f32eff6137fe19d14182732e395dfca7f85494ce83"
  name = "github.com/jochenvg/go-udev"
  packages = ["."]
  pruneopts = "UT"
  revision = "d6b62d56d37b941d93a199f9cb6f0250636fd4ab"

[[projects]]
  digest = "1:17e2b99f622792fcc12942bfc0f9089d1532f6dfc40878b44ae145b458fbab30"
  name = "github.com/looplab/fsm"
  packages = ["."]
  pruneopts = "UT"
  revision = "84b5307469f859464403f80919467950a79de1b1"
  version = "v0.1.0"

[[projects]]
  digest = "1:cf31692c14422fa27c83a05292eb5cbe0fb2775972e8f1f8446a71549bd8980b"
  name = "github.com/pkg/errors"
  packages = ["."]
  pruneopts = "UT"
  revision = "ba968bfe8b2f7e042a574c888954fccecfa385b4"
  version = "v0.8.1"

[[projects]]
  digest = "1:0028cb19b2e4c3112225cd871870f2d9cf49b9b4276531f03438a88e94be86fe"
  name = "github.com/pmezard/go-difflib"
  packages = ["difflib"]
  pruneopts = "UT"
  revision = "792786c7400a136282c1664665ae0a8db921c6c2"
  version = "v1.0.0"

[[projects]]
  digest = "1:972c2427413d41a1e06ca4897e8528e5a1622894050e2f527b38ddf0f343f759"
  name = "github.com/stretchr/testify"
  packages = ["assert"]
  pruneopts = "UT"
  revision = "ffdc059bfe9ce6a4e144ba849dbedead332c6053"
  version = "v1.3.0"

[[projects]]
  branch = "master"
  digest = "1:f92f6956e4059f6a3efc14924d2dd58ba90da25cc57fe07ae3779ef2f5e0c5f2"
  name = "golang.org/x/crypto"
  packages = ["pbkdf2"]
  pruneopts = "UT"
  revision = "a49355c7e3f8fe157a85be2f77e6e269a0f89602"

[[projects]]
  branch = "master"
  digest = "1:6edde08c09ee6df91604cb06838f2e713e1257aaeffbf85ade247c19c816f07f"
  name = "golang.org/x/sys"
  packages = [
    "unix",
    "windows",
    "windows/registry",
  ]
  pruneopts = "UT"
  revision = "7138fd3d9dc8335c567ca206f4333fb75eb05d56"

[solve-meta]
  analyzer-name = "dep"
  analyzer-version = 1
  input-imports = [
    "github.com/ebfe/scard",
    "github.com/google/go-github/github",
    "github.com/google/gousb",
    "github.com/gotk3/gotk3/gdk",
    "github.com/gotk3/gotk3/glib",
    "github.com/gotk3/gotk3/gtk",
    "github.com/jessevdk/go-flags",
    "github.com/jochenvg/go-udev",
    "github.com/looplab/fsm",
    "github.com/pkg/errors",
    "github.com/stretchr/testify/assert",
    "golang.org/x/crypto/pbkdf2",
    "golang.org/x/sys/windows",
    "golang.org/x/sys/windows/registry",
  ]
  solver-name = "gps-cdcl"
  solver-version = 1
